
Microsoft Visual Studio Solution File, Format Version 12.00
# Visual Studio Version 17
VisualStudioVersion = 17.3.32929.385
MinimumVisualStudioVersion = 10.0.40219.1
Project("{FAE04EC0-301F-11D3-BF4B-00C04F79EFBC}") = "DEVIO.UI.Site", "src\DEVIO.UI.Site\DEVIO.UI.Site.csproj", "{1251883B-1672-4C8B-BA8F-9FA5B8BFECB9}"
EndProject
Global
	GlobalSection(SolutionConfigurationPlatforms) = preSolution
		Debug|Any CPU = Debug|Any CPU
		Release|Any CPU = Release|Any CPU
	EndGlobalSection
	GlobalSection(ProjectConfigurationPlatforms) = postSolution
		{1251883B-1672-4C8B-BA8F-9FA5B8BFECB9}.Debug|Any CPU.ActiveCfg = Debug|Any CPU
		{1251883B-1672-4C8B-BA8F-9FA5B8BFECB9}.Debug|Any CPU.Build.0 = Debug|Any CPU
		{1251883B-1672-4C8B-BA8F-9FA5B8BFECB9}.Release|Any CPU.ActiveCfg = Release|Any CPU
		{1251883B-1672-4C8B-BA8F-9FA5B8BFECB9}.Release|Any CPU.Build.0 = Release|Any CPU
	EndGlobalSection
	GlobalSection(SolutionProperties) = preSolution
		HideSolutionNode = FALSE
	EndGlobalSection
	GlobalSection(ExtensibilityGlobals) = postSolution
		SolutionGuid = {59578395-E731-4BFC-B2F7-C76E12F7FB78}
	EndGlobalSection
EndGlobal
