
Microsoft Visual Studio Solution File, Format Version 12.00
# Visual Studio Version 17
VisualStudioVersion = 17.3.32929.385
MinimumVisualStudioVersion = 10.0.40219.1
Project("{9A19103F-16F7-4668-BE54-9A1E7A4F7556}") = "DEVIO.UI.Site", "src\DEVIO.UI.Site\DEVIO.UI.Site.csproj", "{CE84015B-33E3-4A45-A110-0EA3CF958AA3}"
EndProject
Global
	GlobalSection(SolutionConfigurationPlatforms) = preSolution
		Debug|Any CPU = Debug|Any CPU
		Release|Any CPU = Release|Any CPU
	EndGlobalSection
	GlobalSection(ProjectConfigurationPlatforms) = postSolution
		{CE84015B-33E3-4A45-A110-0EA3CF958AA3}.Debug|Any CPU.ActiveCfg = Debug|Any CPU
		{CE84015B-33E3-4A45-A110-0EA3CF958AA3}.Debug|Any CPU.Build.0 = Debug|Any CPU
		{CE84015B-33E3-4A45-A110-0EA3CF958AA3}.Release|Any CPU.ActiveCfg = Release|Any CPU
		{CE84015B-33E3-4A45-A110-0EA3CF958AA3}.Release|Any CPU.Build.0 = Release|Any CPU
	EndGlobalSection
	GlobalSection(SolutionProperties) = preSolution
		HideSolutionNode = FALSE
	EndGlobalSection
	GlobalSection(ExtensibilityGlobals) = postSolution
		SolutionGuid = {8DC69154-0989-4A2D-88F8-4040814C6196}
	EndGlobalSection
EndGlobal
